// !$*UTF8*$!
{
	archiveVersion = 1;
	classes = {
	};
	objectVersion = 46;
	objects = {

/* Begin PBXBuildFile section */
		D01EADDF1EDE0A4E00C70373 /* AppDelegate.swift in Sources */ = {isa = PBXBuildFile; fileRef = D01EADDE1EDE0A4E00C70373 /* AppDelegate.swift */; };
		D01EADE11EDE0A4E00C70373 /* ViewController.swift in Sources */ = {isa = PBXBuildFile; fileRef = D01EADE01EDE0A4E00C70373 /* ViewController.swift */; };
		D01EADE41EDE0A4E00C70373 /* Main.storyboard in Resources */ = {isa = PBXBuildFile; fileRef = D01EADE21EDE0A4E00C70373 /* Main.storyboard */; };
		D01EADE61EDE0A4E00C70373 /* Assets.xcassets in Resources */ = {isa = PBXBuildFile; fileRef = D01EADE51EDE0A4E00C70373 /* Assets.xcassets */; };
		D01EADE91EDE0A4E00C70373 /* LaunchScreen.storyboard in Resources */ = {isa = PBXBuildFile; fileRef = D01EADE71EDE0A4E00C70373 /* LaunchScreen.storyboard */; };
		D01EADF11EDE10C400C70373 /* DatabaseViewController.swift in Sources */ = {isa = PBXBuildFile; fileRef = D01EADF01EDE10C400C70373 /* DatabaseViewController.swift */; };
		D04FE48E1EE4D0EF00376DAA /* DiscordViewController.swift in Sources */ = {isa = PBXBuildFile; fileRef = D04FE48D1EE4D0EF00376DAA /* DiscordViewController.swift */; };
		F69D91CE510A8ADD79DBD900 /* Pods_Web_Service_Portfolio.framework in Frameworks */ = {isa = PBXBuildFile; fileRef = D70CF9640EA6181713CC2B47 /* Pods_Web_Service_Portfolio.framework */; };
/* End PBXBuildFile section */

/* Begin PBXFileReference section */
		A56B69C72A96E9DBB950A1C6 /* Pods-Web Service Portfolio.debug.xcconfig */ = {isa = PBXFileReference; includeInIndex = 1; lastKnownFileType = text.xcconfig; name = "Pods-Web Service Portfolio.debug.xcconfig"; path = "Pods/Target Support Files/Pods-Web Service Portfolio/Pods-Web Service Portfolio.debug.xcconfig"; sourceTree = "<group>"; };
		D01EADDB1EDE0A4E00C70373 /* Web Service Portfolio.app */ = {isa = PBXFileReference; explicitFileType = wrapper.application; includeInIndex = 0; path = "Web Service Portfolio.app"; sourceTree = BUILT_PRODUCTS_DIR; };
		D01EADDE1EDE0A4E00C70373 /* AppDelegate.swift */ = {isa = PBXFileReference; lastKnownFileType = sourcecode.swift; path = AppDelegate.swift; sourceTree = "<group>"; };
		D01EADE01EDE0A4E00C70373 /* ViewController.swift */ = {isa = PBXFileReference; lastKnownFileType = sourcecode.swift; path = ViewController.swift; sourceTree = "<group>"; };
		D01EADE31EDE0A4E00C70373 /* Base */ = {isa = PBXFileReference; lastKnownFileType = file.storyboard; name = Base; path = Base.lproj/Main.storyboard; sourceTree = "<group>"; };
		D01EADE51EDE0A4E00C70373 /* Assets.xcassets */ = {isa = PBXFileReference; lastKnownFileType = folder.assetcatalog; path = Assets.xcassets; sourceTree = "<group>"; };
		D01EADE81EDE0A4E00C70373 /* Base */ = {isa = PBXFileReference; lastKnownFileType = file.storyboard; name = Base; path = Base.lproj/LaunchScreen.storyboard; sourceTree = "<group>"; };
		D01EADEA1EDE0A4E00C70373 /* Info.plist */ = {isa = PBXFileReference; lastKnownFileType = text.plist.xml; path = Info.plist; sourceTree = "<group>"; };
		D01EADF01EDE10C400C70373 /* DatabaseViewController.swift */ = {isa = PBXFileReference; fileEncoding = 4; lastKnownFileType = sourcecode.swift; path = DatabaseViewController.swift; sourceTree = "<group>"; };
		D04FE48D1EE4D0EF00376DAA /* DiscordViewController.swift */ = {isa = PBXFileReference; fileEncoding = 4; lastKnownFileType = sourcecode.swift; path = DiscordViewController.swift; sourceTree = "<group>"; };
		D70CF9640EA6181713CC2B47 /* Pods_Web_Service_Portfolio.framework */ = {isa = PBXFileReference; explicitFileType = wrapper.framework; includeInIndex = 0; path = Pods_Web_Service_Portfolio.framework; sourceTree = BUILT_PRODUCTS_DIR; };
		DF1D370FBD812E79AFD07416 /* Pods-Web Service Portfolio.release.xcconfig */ = {isa = PBXFileReference; includeInIndex = 1; lastKnownFileType = text.xcconfig; name = "Pods-Web Service Portfolio.release.xcconfig"; path = "Pods/Target Support Files/Pods-Web Service Portfolio/Pods-Web Service Portfolio.release.xcconfig"; sourceTree = "<group>"; };
/* End PBXFileReference section */

/* Begin PBXFrameworksBuildPhase section */
		D01EADD81EDE0A4E00C70373 /* Frameworks */ = {
			isa = PBXFrameworksBuildPhase;
			buildActionMask = 2147483647;
			files = (
				F69D91CE510A8ADD79DBD900 /* Pods_Web_Service_Portfolio.framework in Frameworks */,
			);
			runOnlyForDeploymentPostprocessing = 0;
		};
/* End PBXFrameworksBuildPhase section */

/* Begin PBXGroup section */
		160BBA6FB72741509809D0D6 /* Pods */ = {
			isa = PBXGroup;
			children = (
				A56B69C72A96E9DBB950A1C6 /* Pods-Web Service Portfolio.debug.xcconfig */,
				DF1D370FBD812E79AFD07416 /* Pods-Web Service Portfolio.release.xcconfig */,
			);
			name = Pods;
			sourceTree = "<group>";
		};
		B23D8918AE07D3121A2D54DB /* Frameworks */ = {
			isa = PBXGroup;
			children = (
				D70CF9640EA6181713CC2B47 /* Pods_Web_Service_Portfolio.framework */,
			);
			name = Frameworks;
			sourceTree = "<group>";
		};
		D01EADD21EDE0A4E00C70373 = {
			isa = PBXGroup;
			children = (
				D01EADDD1EDE0A4E00C70373 /* Web Service Portfolio */,
				D01EADDC1EDE0A4E00C70373 /* Products */,
				160BBA6FB72741509809D0D6 /* Pods */,
				B23D8918AE07D3121A2D54DB /* Frameworks */,
			);
			sourceTree = "<group>";
		};
		D01EADDC1EDE0A4E00C70373 /* Products */ = {
			isa = PBXGroup;
			children = (
				D01EADDB1EDE0A4E00C70373 /* Web Service Portfolio.app */,
			);
			name = Products;
			sourceTree = "<group>";
		};
		D01EADDD1EDE0A4E00C70373 /* Web Service Portfolio */ = {
			isa = PBXGroup;
			children = (
				D01EADDE1EDE0A4E00C70373 /* AppDelegate.swift */,
				D01EADE01EDE0A4E00C70373 /* ViewController.swift */,
				D01EADE21EDE0A4E00C70373 /* Main.storyboard */,
				D01EADE51EDE0A4E00C70373 /* Assets.xcassets */,
				D01EADE71EDE0A4E00C70373 /* LaunchScreen.storyboard */,
				D01EADEA1EDE0A4E00C70373 /* Info.plist */,
				D01EADF01EDE10C400C70373 /* DatabaseViewController.swift */,
				D04FE48D1EE4D0EF00376DAA /* DiscordViewController.swift */,
			);
			path = "Web Service Portfolio";
			sourceTree = "<group>";
		};
/* End PBXGroup section */

/* Begin PBXNativeTarget section */
		D01EADDA1EDE0A4E00C70373 /* Web Service Portfolio */ = {
			isa = PBXNativeTarget;
			buildConfigurationList = D01EADED1EDE0A4E00C70373 /* Build configuration list for PBXNativeTarget "Web Service Portfolio" */;
			buildPhases = (
				73E57A303D29EED340FBE40A /* [CP] Check Pods Manifest.lock */,
				D01EADD71EDE0A4E00C70373 /* Sources */,
				D01EADD81EDE0A4E00C70373 /* Frameworks */,
				D01EADD91EDE0A4E00C70373 /* Resources */,
				4328CDB388296A2B179881F4 /* [CP] Embed Pods Frameworks */,
				8EAB03D5E411BD897D843BB0 /* [CP] Copy Pods Resources */,
			);
			buildRules = (
			);
			dependencies = (
			);
			name = "Web Service Portfolio";
			productName = "Web Service Portfolio";
			productReference = D01EADDB1EDE0A4E00C70373 /* Web Service Portfolio.app */;
			productType = "com.apple.product-type.application";
		};
/* End PBXNativeTarget section */

/* Begin PBXProject section */
		D01EADD31EDE0A4E00C70373 /* Project object */ = {
			isa = PBXProject;
			attributes = {
				LastSwiftUpdateCheck = 0830;
				LastUpgradeCheck = 0830;
				ORGANIZATIONNAME = "Justin Tappert";
				TargetAttributes = {
					D01EADDA1EDE0A4E00C70373 = {
						CreatedOnToolsVersion = 8.3.2;
						DevelopmentTeam = 5RAB5T5U95;
						ProvisioningStyle = Automatic;
					};
				};
			};
			buildConfigurationList = D01EADD61EDE0A4E00C70373 /* Build configuration list for PBXProject "Web Service Portfolio" */;
			compatibilityVersion = "Xcode 3.2";
			developmentRegion = English;
			hasScannedForEncodings = 0;
			knownRegions = (
				en,
				Base,
			);
			mainGroup = D01EADD21EDE0A4E00C70373;
			productRefGroup = D01EADDC1EDE0A4E00C70373 /* Products */;
			projectDirPath = "";
			projectRoot = "";
			targets = (
				D01EADDA1EDE0A4E00C70373 /* Web Service Portfolio */,
			);
		};
/* End PBXProject section */

/* Begin PBXResourcesBuildPhase section */
		D01EADD91EDE0A4E00C70373 /* Resources */ = {
			isa = PBXResourcesBuildPhase;
			buildActionMask = 2147483647;
			files = (
				D01EADE91EDE0A4E00C70373 /* LaunchScreen.storyboard in Resources */,
				D01EADE61EDE0A4E00C70373 /* Assets.xcassets in Resources */,
				D01EADE41EDE0A4E00C70373 /* Main.storyboard in Resources */,
			);
			runOnlyForDeploymentPostprocessing = 0;
		};
/* End PBXResourcesBuildPhase section */

/* Begin PBXShellScriptBuildPhase section */
		4328CDB388296A2B179881F4 /* [CP] Embed Pods Frameworks */ = {
			isa = PBXShellScriptBuildPhase;
			buildActionMask = 2147483647;
			files = (
			);
			inputPaths = (
			);
			name = "[CP] Embed Pods Frameworks";
			outputPaths = (
			);
			runOnlyForDeploymentPostprocessing = 0;
			shellPath = /bin/sh;
			shellScript = "\"${SRCROOT}/Pods/Target Support Files/Pods-Web Service Portfolio/Pods-Web Service Portfolio-frameworks.sh\"\n";
			showEnvVarsInLog = 0;
		};
		73E57A303D29EED340FBE40A /* [CP] Check Pods Manifest.lock */ = {
			isa = PBXShellScriptBuildPhase;
			buildActionMask = 2147483647;
			files = (
			);
			inputPaths = (
			);
			name = "[CP] Check Pods Manifest.lock";
			outputPaths = (
			);
			runOnlyForDeploymentPostprocessing = 0;
			shellPath = /bin/sh;
			shellScript = "diff \"${PODS_PODFILE_DIR_PATH}/Podfile.lock\" \"${PODS_ROOT}/Manifest.lock\" > /dev/null\nif [ $? != 0 ] ; then\n    # print error to STDERR\n    echo \"error: The sandbox is not in sync with the Podfile.lock. Run 'pod install' or update your CocoaPods installation.\" >&2\n    exit 1\nfi\n";
			showEnvVarsInLog = 0;
		};
		8EAB03D5E411BD897D843BB0 /* [CP] Copy Pods Resources */ = {
			isa = PBXShellScriptBuildPhase;
			buildActionMask = 2147483647;
			files = (
			);
			inputPaths = (
			);
			name = "[CP] Copy Pods Resources";
			outputPaths = (
			);
			runOnlyForDeploymentPostprocessing = 0;
			shellPath = /bin/sh;
			shellScript = "\"${SRCROOT}/Pods/Target Support Files/Pods-Web Service Portfolio/Pods-Web Service Portfolio-resources.sh\"\n";
			showEnvVarsInLog = 0;
		};
/* End PBXShellScriptBuildPhase section */

/* Begin PBXSourcesBuildPhase section */
		D01EADD71EDE0A4E00C70373 /* Sources */ = {
			isa = PBXSourcesBuildPhase;
			buildActionMask = 2147483647;
			files = (
				D01EADF11EDE10C400C70373 /* DatabaseViewController.swift in Sources */,
				D04FE48E1EE4D0EF00376DAA /* DiscordViewController.swift in Sources */,
				D01EADE11EDE0A4E00C70373 /* ViewController.swift in Sources */,
				D01EADDF1EDE0A4E00C70373 /* AppDelegate.swift in Sources */,
			);
			runOnlyForDeploymentPostprocessing = 0;
		};
/* End PBXSourcesBuildPhase section */

/* Begin PBXVariantGroup section */
		D01EADE21EDE0A4E00C70373 /* Main.storyboard */ = {
			isa = PBXVariantGroup;
			children = (
				D01EADE31EDE0A4E00C70373 /* Base */,
			);
			name = Main.storyboard;
			sourceTree = "<group>";
		};
		D01EADE71EDE0A4E00C70373 /* LaunchScreen.storyboard */ = {
			isa = PBXVariantGroup;
			children = (
				D01EADE81EDE0A4E00C70373 /* Base */,
			);
			name = LaunchScreen.storyboard;
			sourceTree = "<group>";
		};
/* End PBXVariantGroup section */

/* Begin XCBuildConfiguration section */
		D01EADEB1EDE0A4E00C70373 /* Debug */ = {
			isa = XCBuildConfiguration;
			buildSettings = {
				ALWAYS_SEARCH_USER_PATHS = NO;
				CLANG_ANALYZER_NONNULL = YES;
				CLANG_ANALYZER_NUMBER_OBJECT_CONVERSION = YES_AGGRESSIVE;
				CLANG_CXX_LANGUAGE_STANDARD = "gnu++0x";
				CLANG_CXX_LIBRARY = "libc++";
				CLANG_ENABLE_MODULES = YES;
				CLANG_ENABLE_OBJC_ARC = YES;
				CLANG_WARN_BOOL_CONVERSION = YES;
				CLANG_WARN_CONSTANT_CONVERSION = YES;
				CLANG_WARN_DIRECT_OBJC_ISA_USAGE = YES_ERROR;
				CLANG_WARN_DOCUMENTATION_COMMENTS = YES;
				CLANG_WARN_EMPTY_BODY = YES;
				CLANG_WARN_ENUM_CONVERSION = YES;
				CLANG_WARN_INFINITE_RECURSION = YES;
				CLANG_WARN_INT_CONVERSION = YES;
				CLANG_WARN_OBJC_ROOT_CLASS = YES_ERROR;
				CLANG_WARN_SUSPICIOUS_MOVE = YES;
				CLANG_WARN_UNREACHABLE_CODE = YES;
				CLANG_WARN__DUPLICATE_METHOD_MATCH = YES;
				"CODE_SIGN_IDENTITY[sdk=iphoneos*]" = "iPhone Developer";
				COPY_PHASE_STRIP = NO;
				DEBUG_INFORMATION_FORMAT = dwarf;
				ENABLE_STRICT_OBJC_MSGSEND = YES;
				ENABLE_TESTABILITY = YES;
				GCC_C_LANGUAGE_STANDARD = gnu99;
				GCC_DYNAMIC_NO_PIC = NO;
				GCC_NO_COMMON_BLOCKS = YES;
				GCC_OPTIMIZATION_LEVEL = 0;
				GCC_PREPROCESSOR_DEFINITIONS = (
					"DEBUG=1",
					"$(inherited)",
				);
				GCC_WARN_64_TO_32_BIT_CONVERSION = YES;
				GCC_WARN_ABOUT_RETURN_TYPE = YES_ERROR;
				GCC_WARN_UNDECLARED_SELECTOR = YES;
				GCC_WARN_UNINITIALIZED_AUTOS = YES_AGGRESSIVE;
				GCC_WARN_UNUSED_FUNCTION = YES;
				GCC_WARN_UNUSED_VARIABLE = YES;
				IPHONEOS_DEPLOYMENT_TARGET = 10.3;
				MTL_ENABLE_DEBUG_INFO = YES;
				ONLY_ACTIVE_ARCH = YES;
				SDKROOT = iphoneos;
				SWIFT_ACTIVE_COMPILATION_CONDITIONS = DEBUG;
				SWIFT_OPTIMIZATION_LEVEL = "-Onone";
				TARGETED_DEVICE_FAMILY = "1,2";
			};
			name = Debug;
		};
		D01EADEC1EDE0A4E00C70373 /* Release */ = {
			isa = XCBuildConfiguration;
			buildSettings = {
				ALWAYS_SEARCH_USER_PATHS = NO;
				CLANG_ANALYZER_NONNULL = YES;
				CLANG_ANALYZER_NUMBER_OBJECT_CONVERSION = YES_AGGRESSIVE;
				CLANG_CXX_LANGUAGE_STANDARD = "gnu++0x";
				CLANG_CXX_LIBRARY = "libc++";
				CLANG_ENABLE_MODULES = YES;
				CLANG_ENABLE_OBJC_ARC = YES;
				CLANG_WARN_BOOL_CONVERSION = YES;
				CLANG_WARN_CONSTANT_CONVERSION = YES;
				CLANG_WARN_DIRECT_OBJC_ISA_USAGE = YES_ERROR;
				CLANG_WARN_DOCUMENTATION_COMMENTS = YES;
				CLANG_WARN_EMPTY_BODY = YES;
				CLANG_WARN_ENUM_CONVERSION = YES;
				CLANG_WARN_INFINITE_RECURSION = YES;
				CLANG_WARN_INT_CONVERSION = YES;
				CLANG_WARN_OBJC_ROOT_CLASS = YES_ERROR;
				CLANG_WARN_SUSPICIOUS_MOVE = YES;
				CLANG_WARN_UNREACHABLE_CODE = YES;
				CLANG_WARN__DUPLICATE_METHOD_MATCH = YES;
				"CODE_SIGN_IDENTITY[sdk=iphoneos*]" = "iPhone Developer";
				COPY_PHASE_STRIP = NO;
				DEBUG_INFORMATION_FORMAT = "dwarf-with-dsym";
				ENABLE_NS_ASSERTIONS = NO;
				ENABLE_STRICT_OBJC_MSGSEND = YES;
				GCC_C_LANGUAGE_STANDARD = gnu99;
				GCC_NO_COMMON_BLOCKS = YES;
				GCC_WARN_64_TO_32_BIT_CONVERSION = YES;
				GCC_WARN_ABOUT_RETURN_TYPE = YES_ERROR;
				GCC_WARN_UNDECLARED_SELECTOR = YES;
				GCC_WARN_UNINITIALIZED_AUTOS = YES_AGGRESSIVE;
				GCC_WARN_UNUSED_FUNCTION = YES;
				GCC_WARN_UNUSED_VARIABLE = YES;
				IPHONEOS_DEPLOYMENT_TARGET = 10.3;
				MTL_ENABLE_DEBUG_INFO = NO;
				SDKROOT = iphoneos;
				SWIFT_OPTIMIZATION_LEVEL = "-Owholemodule";
				TARGETED_DEVICE_FAMILY = "1,2";
				VALIDATE_PRODUCT = YES;
			};
			name = Release;
		};
		D01EADEE1EDE0A4E00C70373 /* Debug */ = {
			isa = XCBuildConfiguration;
			baseConfigurationReference = A56B69C72A96E9DBB950A1C6 /* Pods-Web Service Portfolio.debug.xcconfig */;
			buildSettings = {
				ASSETCATALOG_COMPILER_APPICON_NAME = AppIcon;
				DEVELOPMENT_TEAM = 5RAB5T5U95;
				INFOPLIST_FILE = "Web Service Portfolio/Info.plist";
				LD_RUNPATH_SEARCH_PATHS = "$(inherited) @executable_path/Frameworks";
				PRODUCT_BUNDLE_IDENTIFIER = "edu.osucascades.cs496.Web-Service-Portfolio";
				PRODUCT_NAME = "$(TARGET_NAME)";
				SWIFT_VERSION = 3.0;
			};
			name = Debug;
		};
		D01EADEF1EDE0A4E00C70373 /* Release */ = {
			isa = XCBuildConfiguration;
			baseConfigurationReference = DF1D370FBD812E79AFD07416 /* Pods-Web Service Portfolio.release.xcconfig */;
			buildSettings = {
				ASSETCATALOG_COMPILER_APPICON_NAME = AppIcon;
				DEVELOPMENT_TEAM = 5RAB5T5U95;
				INFOPLIST_FILE = "Web Service Portfolio/Info.plist";
				LD_RUNPATH_SEARCH_PATHS = "$(inherited) @executable_path/Frameworks";
				PRODUCT_BUNDLE_IDENTIFIER = "edu.osucascades.cs496.Web-Service-Portfolio";
				PRODUCT_NAME = "$(TARGET_NAME)";
				SWIFT_VERSION = 3.0;
			};
			name = Release;
		};
/* End XCBuildConfiguration section */

/* Begin XCConfigurationList section */
		D01EADD61EDE0A4E00C70373 /* Build configuration list for PBXProject "Web Service Portfolio" */ = {
			isa = XCConfigurationList;
			buildConfigurations = (
				D01EADEB1EDE0A4E00C70373 /* Debug */,
				D01EADEC1EDE0A4E00C70373 /* Release */,
			);
			defaultConfigurationIsVisible = 0;
			defaultConfigurationName = Release;
		};
		D01EADED1EDE0A4E00C70373 /* Build configuration list for PBXNativeTarget "Web Service Portfolio" */ = {
			isa = XCConfigurationList;
			buildConfigurations = (
				D01EADEE1EDE0A4E00C70373 /* Debug */,
				D01EADEF1EDE0A4E00C70373 /* Release */,
			);
			defaultConfigurationIsVisible = 0;
			defaultConfigurationName = Release;
		};
/* End XCConfigurationList section */
	};
	rootObject = D01EADD31EDE0A4E00C70373 /* Project object */;
}
